
Microsoft Visual Studio Solution File, Format Version 12.00
# Visual Studio Version 17
VisualStudioVersion = 17.14.36414.22 d17.14
MinimumVisualStudioVersion = 10.0.40219.1
Project("{FAE04EC0-301F-11D3-BF4B-00C04F79EFBC}") = "JellyfinSetSortTitle", "JellyfinSetSortTitle\JellyfinSetSortTitle.csproj", "{6FE58949-7C05-43D8-BCCE-2B4E80D7D5DD}"
EndProject
Global
	GlobalSection(SolutionConfigurationPlatforms) = preSolution
		Debug|Any CPU = Debug|Any CPU
		Release|Any CPU = Release|Any CPU
	EndGlobalSection
	GlobalSection(ProjectConfigurationPlatforms) = postSolution
		{6FE58949-7C05-43D8-BCCE-2B4E80D7D5DD}.Debug|Any CPU.ActiveCfg = Debug|Any CPU
		{6FE58949-7C05-43D8-BCCE-2B4E80D7D5DD}.Debug|Any CPU.Build.0 = Debug|Any CPU
		{6FE58949-7C05-43D8-BCCE-2B4E80D7D5DD}.Release|Any CPU.ActiveCfg = Release|Any CPU
		{6FE58949-7C05-43D8-BCCE-2B4E80D7D5DD}.Release|Any CPU.Build.0 = Release|Any CPU
	EndGlobalSection
	GlobalSection(SolutionProperties) = preSolution
		HideSolutionNode = FALSE
	EndGlobalSection
	GlobalSection(ExtensibilityGlobals) = postSolution
		SolutionGuid = {D23F1672-C5C4-4E03-B385-7B79A87643FA}
	EndGlobalSection
EndGlobal
